# This file is automatically @generated by Cargo.
# It is not intended for manual editing.
[[package]]
name = "addr2line"
version = "0.13.0"
source = "registry+https://github.com/rust-lang/crates.io-index"
checksum = "1b6a2d3371669ab3ca9797670853d61402b03d0b4b9ebf33d677dfa720203072"
dependencies = [
 "gimli",
]

[[package]]
name = "adler"
version = "0.2.3"
source = "registry+https://github.com/rust-lang/crates.io-index"
checksum = "ee2a4ec343196209d6594e19543ae87a39f96d5534d7174822a3ad825dd6ed7e"

[[package]]
name = "aho-corasick"
version = "0.7.14"
source = "registry+https://github.com/rust-lang/crates.io-index"
checksum = "b476ce7103678b0c6d3d395dbbae31d48ff910bd28be979ba5d48c6351131d0d"
dependencies = [
 "memchr",
]

[[package]]
name = "arc-swap"
version = "0.4.7"
source = "registry+https://github.com/rust-lang/crates.io-index"
checksum = "4d25d88fd6b8041580a654f9d0c581a047baee2b3efee13275f2fc392fc75034"

[[package]]
name = "arrayvec"
version = "0.5.1"
source = "registry+https://github.com/rust-lang/crates.io-index"
checksum = "cff77d8686867eceff3105329d4698d96c2391c176d5d03adc90c7389162b5b8"

[[package]]
name = "assert_fs"
version = "1.0.0"
source = "registry+https://github.com/rust-lang/crates.io-index"
checksum = "04dabd011e19821a348abb0dec7b7fda959cd6b3477c474395b958b291942b0e"
dependencies = [
 "doc-comment",
 "globwalk",
 "predicates",
 "predicates-core",
 "predicates-tree",
 "tempfile",
]

[[package]]
name = "autocfg"
version = "1.0.1"
source = "registry+https://github.com/rust-lang/crates.io-index"
checksum = "cdb031dd78e28731d87d56cc8ffef4a8f36ca26c38fe2de700543e627f8a464a"

[[package]]
name = "backtrace"
version = "0.3.53"
source = "registry+https://github.com/rust-lang/crates.io-index"
checksum = "707b586e0e2f247cbde68cdd2c3ce69ea7b7be43e1c5b426e37c9319c4b9838e"
dependencies = [
 "addr2line",
 "cfg-if 1.0.0",
 "libc",
 "miniz_oxide",
 "object",
 "rustc-demangle",
]

[[package]]
name = "base64"
version = "0.10.1"
source = "registry+https://github.com/rust-lang/crates.io-index"
checksum = "0b25d992356d2eb0ed82172f5248873db5560c4721f564b13cb5193bda5e668e"
dependencies = [
 "byteorder",
]

[[package]]
name = "base64"
version = "0.12.3"
source = "registry+https://github.com/rust-lang/crates.io-index"
checksum = "3441f0f7b02788e948e47f457ca01f1d7e6d92c693bc132c22b087d3141c03ff"

[[package]]
name = "bitflags"
version = "1.2.1"
source = "registry+https://github.com/rust-lang/crates.io-index"
checksum = "cf1de2fe8c75bc145a2f577add951f8134889b4795d47466a54a5c846d691693"

[[package]]
name = "bstr"
version = "0.2.13"
source = "registry+https://github.com/rust-lang/crates.io-index"
checksum = "31accafdb70df7871592c058eca3985b71104e15ac32f64706022c58867da931"
dependencies = [
 "memchr",
]

[[package]]
name = "byteorder"
version = "1.3.4"
source = "registry+https://github.com/rust-lang/crates.io-index"
checksum = "08c48aae112d48ed9f069b33538ea9e3e90aa263cfa3d1c24309612b1f7472de"

[[package]]
name = "cc"
version = "1.0.61"
source = "registry+https://github.com/rust-lang/crates.io-index"
checksum = "ed67cbde08356238e75fc4656be4749481eeffb09e19f320a25237d5221c985d"

[[package]]
name = "cfg-if"
version = "0.1.10"
source = "registry+https://github.com/rust-lang/crates.io-index"
checksum = "4785bdd1c96b2a846b2bd7cc02e86b6b3dbf14e7e53446c4f54c92a361040822"

[[package]]
name = "cfg-if"
version = "1.0.0"
source = "registry+https://github.com/rust-lang/crates.io-index"
checksum = "baf1de4339761588bc0619e3cbc0120ee582ebb74b53b4efbf79117bd2da40fd"

[[package]]
name = "charset"
version = "0.1.2"
source = "registry+https://github.com/rust-lang/crates.io-index"
checksum = "4f426e64df1c3de26cbf44593c6ffff5dbfd43bbf9de0d075058558126b3fc73"
dependencies = [
 "base64 0.10.1",
 "encoding_rs",
]

[[package]]
name = "chrono"
version = "0.4.19"
source = "registry+https://github.com/rust-lang/crates.io-index"
checksum = "670ad68c9088c2a963aaa298cb369688cf3f9465ce5e2d4ca10e6e0098a1ce73"
dependencies = [
 "libc",
 "num-integer",
 "num-traits",
 "pure-rust-locales",
 "time",
 "winapi",
]

[[package]]
name = "chrono-tz"
version = "0.5.3"
source = "registry+https://github.com/rust-lang/crates.io-index"
checksum = "2554a3155fec064362507487171dcc4edc3df60cb10f3a1fb10ed8094822b120"
dependencies = [
 "chrono",
 "parse-zoneinfo",
 "serde",
]

[[package]]
name = "clap"
version = "2.33.3"
source = "registry+https://github.com/rust-lang/crates.io-index"
checksum = "37e58ac78573c40708d45522f0d80fa2f01cc4f9b4e2bf749807255454312002"
dependencies = [
 "bitflags",
 "textwrap",
 "unicode-width",
]

[[package]]
name = "const_fn"
version = "0.4.2"
source = "registry+https://github.com/rust-lang/crates.io-index"
checksum = "ce90df4c658c62f12d78f7508cf92f9173e5184a539c10bfe54a3107b3ffd0f2"

[[package]]
name = "cpuprofiler"
version = "0.0.4"
source = "registry+https://github.com/rust-lang/crates.io-index"
checksum = "43f8479dbcfd2bbaa0c0c26779b913052b375981cdf533091f2127ea3d42e52b"
dependencies = [
 "error-chain",
 "lazy_static",
 "pkg-config",
]

[[package]]
name = "crossbeam-channel"
version = "0.5.0"
source = "registry+https://github.com/rust-lang/crates.io-index"
checksum = "dca26ee1f8d361640700bde38b2c37d8c22b3ce2d360e1fc1c74ea4b0aa7d775"
dependencies = [
 "cfg-if 1.0.0",
 "crossbeam-utils 0.8.0",
]

[[package]]
name = "crossbeam-utils"
version = "0.7.2"
source = "registry+https://github.com/rust-lang/crates.io-index"
checksum = "c3c7c73a2d1e9fc0886a08b93e98eb643461230d5f1925e4036204d5f2e261a8"
dependencies = [
 "autocfg",
 "cfg-if 0.1.10",
 "lazy_static",
]

[[package]]
name = "crossbeam-utils"
version = "0.8.0"
source = "registry+https://github.com/rust-lang/crates.io-index"
checksum = "ec91540d98355f690a86367e566ecad2e9e579f230230eb7c21398372be73ea5"
dependencies = [
 "autocfg",
 "cfg-if 1.0.0",
 "const_fn",
 "lazy_static",
]

[[package]]
name = "dbus"
version = "0.8.4"
source = "registry+https://github.com/rust-lang/crates.io-index"
checksum = "5cd9e78c210146a1860f897db03412fd5091fd73100778e43ee255cca252cf32"
dependencies = [
 "libc",
 "libdbus-sys",
]

[[package]]
name = "difference"
version = "2.0.0"
source = "registry+https://github.com/rust-lang/crates.io-index"
checksum = "524cbf6897b527295dff137cec09ecf3a05f4fddffd7dfcd1585403449e74198"

[[package]]
name = "doc-comment"
version = "0.3.3"
source = "registry+https://github.com/rust-lang/crates.io-index"
checksum = "fea41bba32d969b513997752735605054bc0dfa92b4c56bf1189f2e174be7a10"

[[package]]
name = "either"
version = "1.6.1"
source = "registry+https://github.com/rust-lang/crates.io-index"
checksum = "e78d4f1cc4ae33bbfc157ed5d5a5ef3bc29227303d595861deb238fcec4e9457"

[[package]]
name = "encoding_rs"
version = "0.8.24"
source = "registry+https://github.com/rust-lang/crates.io-index"
checksum = "a51b8cf747471cb9499b6d59e59b0444f4c90eba8968c4e44874e92b5b64ace2"
dependencies = [
 "cfg-if 0.1.10",
]

[[package]]
name = "error-chain"
version = "0.12.4"
source = "registry+https://github.com/rust-lang/crates.io-index"
checksum = "2d2f06b9cac1506ece98fe3231e3cc9c4410ec3d5b1f24ae1c8946f0742cdefc"
dependencies = [
 "backtrace",
 "version_check",
]

[[package]]
name = "failure"
version = "0.1.8"
source = "registry+https://github.com/rust-lang/crates.io-index"
checksum = "d32e9bd16cc02eae7db7ef620b392808b89f6a5e16bb3497d159c6b92a0f4f86"
dependencies = [
 "backtrace",
 "failure_derive",
]

[[package]]
name = "failure_derive"
version = "0.1.8"
source = "registry+https://github.com/rust-lang/crates.io-index"
checksum = "aa4da3c766cd7a0db8242e326e9e4e081edd567072893ed320008189715366a4"
dependencies = [
 "proc-macro2",
 "quote",
 "syn",
 "synstructure",
]

[[package]]
name = "float-cmp"
version = "0.8.0"
source = "registry+https://github.com/rust-lang/crates.io-index"
checksum = "e1267f4ac4f343772758f7b1bdcbe767c218bbab93bb432acbf5162bbf85a6c4"
dependencies = [
 "num-traits",
]

[[package]]
name = "fnv"
version = "1.0.7"
source = "registry+https://github.com/rust-lang/crates.io-index"
checksum = "3f9eec918d3f24069decb9af1554cad7c880e2da24a9afd88aca000531ab82c1"

[[package]]
name = "gethostname"
version = "0.2.1"
source = "registry+https://github.com/rust-lang/crates.io-index"
checksum = "e692e296bfac1d2533ef168d0b60ff5897b8b70a4009276834014dd8924cc028"
dependencies = [
 "libc",
 "winapi",
]

[[package]]
name = "getrandom"
version = "0.1.15"
source = "registry+https://github.com/rust-lang/crates.io-index"
checksum = "fc587bc0ec293155d5bfa6b9891ec18a1e330c234f896ea47fbada4cadbe47e6"
dependencies = [
 "cfg-if 0.1.10",
 "libc",
 "wasi 0.9.0+wasi-snapshot-preview1",
]

[[package]]
name = "getrandom"
version = "0.2.0"
source = "registry+https://github.com/rust-lang/crates.io-index"
checksum = "ee8025cf36f917e6a52cce185b7c7177689b838b7ec138364e50cc2277a56cf4"
dependencies = [
 "cfg-if 0.1.10",
 "libc",
 "wasi 0.9.0+wasi-snapshot-preview1",
]

[[package]]
name = "gimli"
version = "0.22.0"
source = "registry+https://github.com/rust-lang/crates.io-index"
checksum = "aaf91faf136cb47367fa430cd46e37a788775e7fa104f8b4bcb3861dc389b724"

[[package]]
name = "globset"
version = "0.4.5"
source = "registry+https://github.com/rust-lang/crates.io-index"
checksum = "7ad1da430bd7281dde2576f44c84cc3f0f7b475e7202cd503042dff01a8c8120"
dependencies = [
 "aho-corasick",
 "bstr",
 "fnv",
 "log",
 "regex",
]

[[package]]
name = "globwalk"
version = "0.7.3"
source = "registry+https://github.com/rust-lang/crates.io-index"
checksum = "d9db17aec586697a93219b19726b5b68307eba92898c34b170857343fe67c99d"
dependencies = [
 "ignore",
 "walkdir",
]

[[package]]
name = "i3status-rs"
version = "0.14.3"
dependencies = [
 "assert_fs",
 "chrono",
 "chrono-tz",
 "clap",
 "cpuprofiler",
 "crossbeam-channel",
 "dbus",
 "getrandom 0.2.0",
 "inotify",
 "lazy_static",
 "libpulse-binding",
 "maildir",
 "nix",
 "notmuch",
 "num-traits",
 "progress",
 "regex",
 "serde",
 "serde_derive",
 "serde_json",
 "signal-hook",
 "swayipc",
 "toml",
]

[[package]]
name = "ignore"
version = "0.4.16"
source = "registry+https://github.com/rust-lang/crates.io-index"
checksum = "22dcbf2a4a289528dbef21686354904e1c694ac642610a9bff9e7df730d9ec72"
dependencies = [
 "crossbeam-utils 0.7.2",
 "globset",
 "lazy_static",
 "log",
 "memchr",
 "regex",
 "same-file",
 "thread_local",
 "walkdir",
 "winapi-util",
]

[[package]]
name = "inotify"
version = "0.8.3"
source = "registry+https://github.com/rust-lang/crates.io-index"
checksum = "46dd0a94b393c730779ccfd2a872b67b1eb67be3fc33082e733bdb38b5fde4d4"
dependencies = [
 "bitflags",
 "inotify-sys",
 "libc",
]

[[package]]
name = "inotify-sys"
version = "0.1.3"
source = "registry+https://github.com/rust-lang/crates.io-index"
checksum = "e74a1aa87c59aeff6ef2cc2fa62d41bc43f54952f55652656b18a02fd5e356c0"
dependencies = [
 "libc",
]

[[package]]
name = "itertools"
version = "0.8.2"
source = "registry+https://github.com/rust-lang/crates.io-index"
checksum = "f56a2d0bc861f9165be4eb3442afd3c236d8a98afd426f65d92324ae1091a484"
dependencies = [
 "either",
]

[[package]]
name = "itoa"
version = "0.4.6"
source = "registry+https://github.com/rust-lang/crates.io-index"
checksum = "dc6f3ad7b9d11a0c00842ff8de1b60ee58661048eb8049ed33c73594f359d7e6"

[[package]]
name = "lazy_static"
version = "1.4.0"
source = "registry+https://github.com/rust-lang/crates.io-index"
checksum = "e2abad23fbc42b3700f2f279844dc832adb2b2eb069b2df918f455c4e18cc646"

[[package]]
name = "lexical-core"
version = "0.7.4"
source = "registry+https://github.com/rust-lang/crates.io-index"
checksum = "db65c6da02e61f55dae90a0ae427b2a5f6b3e8db09f58d10efab23af92592616"
dependencies = [
 "arrayvec",
 "bitflags",
 "cfg-if 0.1.10",
 "ryu",
 "static_assertions",
]

[[package]]
name = "libc"
version = "0.2.79"
source = "registry+https://github.com/rust-lang/crates.io-index"
checksum = "2448f6066e80e3bfc792e9c98bf705b4b0fc6e8ef5b43e5889aff0eaa9c58743"

[[package]]
name = "libdbus-sys"
version = "0.2.1"
source = "registry+https://github.com/rust-lang/crates.io-index"
checksum = "dc12a3bc971424edbbf7edaf6e5740483444db63aa8e23d3751ff12a30f306f0"
dependencies = [
 "pkg-config",
]

[[package]]
name = "libpulse-binding"
version = "2.16.2"
source = "registry+https://github.com/rust-lang/crates.io-index"
checksum = "1795efad67f34ae95740ded62e3c346e707b0caeb0f6088d75958e97316b5538"
dependencies = [
 "libc",
 "libpulse-sys",
 "winapi",
]

[[package]]
name = "libpulse-sys"
version = "1.13.2"
source = "registry+https://github.com/rust-lang/crates.io-index"
checksum = "5f53857071d564f864755a6945d316cc8fe62c36ed20bd4231c8ab6b62141786"
dependencies = [
 "libc",
 "pkg-config",
 "winapi",
]

[[package]]
name = "log"
version = "0.4.11"
source = "registry+https://github.com/rust-lang/crates.io-index"
checksum = "4fabed175da42fed1fa0746b0ea71f412aa9d35e76e95e59b192c64b9dc2bf8b"
dependencies = [
 "cfg-if 0.1.10",
]

[[package]]
name = "maildir"
version = "0.4.2"
source = "registry+https://github.com/rust-lang/crates.io-index"
checksum = "04d4ce9c1a5736d56fbdbd94a60984fbede764e8a184038822f98bc1e7f8ab67"
dependencies = [
 "gethostname",
 "mailparse",
]

[[package]]
name = "mailparse"
version = "0.12.2"
source = "registry+https://github.com/rust-lang/crates.io-index"
checksum = "336d59e50513349423fa89bdadef5b5c49972a6ce0b66d3b2c7c8b7ab3969faf"
dependencies = [
 "base64 0.12.3",
 "charset",
 "quoted_printable",
]

[[package]]
name = "memchr"
version = "2.3.3"
source = "registry+https://github.com/rust-lang/crates.io-index"
checksum = "3728d817d99e5ac407411fa471ff9800a778d88a24685968b36824eaf4bee400"

[[package]]
name = "miniz_oxide"
version = "0.4.3"
source = "registry+https://github.com/rust-lang/crates.io-index"
checksum = "0f2d26ec3309788e423cfbf68ad1800f061638098d76a83681af979dc4eda19d"
dependencies = [
 "adler",
 "autocfg",
]

[[package]]
name = "nix"
version = "0.19.0"
source = "registry+https://github.com/rust-lang/crates.io-index"
checksum = "85db2feff6bf70ebc3a4793191517d5f0331100a2f10f9bf93b5e5214f32b7b7"
dependencies = [
 "bitflags",
 "cc",
 "cfg-if 0.1.10",
 "libc",
]

[[package]]
name = "nom"
version = "5.1.2"
source = "registry+https://github.com/rust-lang/crates.io-index"
checksum = "ffb4262d26ed83a1c0a33a38fe2bb15797329c85770da05e6b828ddb782627af"
dependencies = [
 "lexical-core",
 "memchr",
 "version_check",
]

[[package]]
name = "normalize-line-endings"
version = "0.3.0"
source = "registry+https://github.com/rust-lang/crates.io-index"
checksum = "61807f77802ff30975e01f4f071c8ba10c022052f98b3294119f3e615d13e5be"

[[package]]
name = "notmuch"
version = "0.6.0"
source = "registry+https://github.com/rust-lang/crates.io-index"
checksum = "bccc64ef9ae09b901c203ab01fdb88477e54574c18d604aa9e9192be7d1c09a7"
dependencies = [
 "libc",
 "supercow",
]

[[package]]
name = "num-integer"
version = "0.1.43"
source = "registry+https://github.com/rust-lang/crates.io-index"
checksum = "8d59457e662d541ba17869cf51cf177c0b5f0cbf476c66bdc90bf1edac4f875b"
dependencies = [
 "autocfg",
 "num-traits",
]

[[package]]
name = "num-traits"
version = "0.2.12"
source = "registry+https://github.com/rust-lang/crates.io-index"
checksum = "ac267bcc07f48ee5f8935ab0d24f316fb722d7a1292e2913f0cc196b29ffd611"
dependencies = [
 "autocfg",
]

[[package]]
name = "object"
version = "0.21.1"
source = "registry+https://github.com/rust-lang/crates.io-index"
checksum = "37fd5004feb2ce328a52b0b3d01dbf4ffff72583493900ed15f22d4111c51693"

[[package]]
name = "parse-zoneinfo"
version = "0.3.0"
source = "registry+https://github.com/rust-lang/crates.io-index"
checksum = "c705f256449c60da65e11ff6626e0c16a0a0b96aaa348de61376b249bc340f41"
dependencies = [
 "regex",
]

[[package]]
name = "pkg-config"
version = "0.3.19"
source = "registry+https://github.com/rust-lang/crates.io-index"
checksum = "3831453b3449ceb48b6d9c7ad7c96d5ea673e9b470a1dc578c2ce6521230884c"

[[package]]
name = "ppv-lite86"
version = "0.2.9"
source = "registry+https://github.com/rust-lang/crates.io-index"
checksum = "c36fa947111f5c62a733b652544dd0016a43ce89619538a8ef92724a6f501a20"

[[package]]
name = "predicates"
version = "1.0.5"
source = "registry+https://github.com/rust-lang/crates.io-index"
checksum = "96bfead12e90dccead362d62bb2c90a5f6fc4584963645bc7f71a735e0b0735a"
dependencies = [
 "difference",
 "float-cmp",
 "normalize-line-endings",
 "predicates-core",
 "regex",
]

[[package]]
name = "predicates-core"
version = "1.0.0"
source = "registry+https://github.com/rust-lang/crates.io-index"
checksum = "06075c3a3e92559ff8929e7a280684489ea27fe44805174c3ebd9328dcb37178"

[[package]]
name = "predicates-tree"
version = "1.0.0"
source = "registry+https://github.com/rust-lang/crates.io-index"
checksum = "8e63c4859013b38a76eca2414c64911fba30def9e3202ac461a2d22831220124"
dependencies = [
 "predicates-core",
 "treeline",
]

[[package]]
name = "proc-macro2"
version = "1.0.24"
source = "registry+https://github.com/rust-lang/crates.io-index"
checksum = "1e0704ee1a7e00d7bb417d0770ea303c1bccbabf0ef1667dae92b5967f5f8a71"
dependencies = [
 "unicode-xid",
]

[[package]]
name = "progress"
version = "0.2.0"
source = "registry+https://github.com/rust-lang/crates.io-index"
checksum = "17b820305721858696053a7fd0215cfeeee16ecaaf96b7a209945428e02f1c44"
dependencies = [
 "terminal_size",
]

[[package]]
name = "pure-rust-locales"
version = "0.5.3"
source = "registry+https://github.com/rust-lang/crates.io-index"
checksum = "65bff3c28489e73a430d8af5cb376d62f92f467c9ad09d3a6eca41a21f90d267"
dependencies = [
 "itertools",
 "nom",
]

[[package]]
name = "quote"
version = "1.0.7"
source = "registry+https://github.com/rust-lang/crates.io-index"
checksum = "aa563d17ecb180e500da1cfd2b028310ac758de548efdd203e18f283af693f37"
dependencies = [
 "proc-macro2",
]

[[package]]
name = "quoted_printable"
version = "0.4.2"
source = "registry+https://github.com/rust-lang/crates.io-index"
checksum = "47b080c5db639b292ac79cbd34be0cfc5d36694768d8341109634d90b86930e2"

[[package]]
name = "rand"
version = "0.7.3"
source = "registry+https://github.com/rust-lang/crates.io-index"
checksum = "6a6b1679d49b24bbfe0c803429aa1874472f50d9b363131f0e89fc356b544d03"
dependencies = [
 "getrandom 0.1.15",
 "libc",
 "rand_chacha",
 "rand_core",
 "rand_hc",
]

[[package]]
name = "rand_chacha"
version = "0.2.2"
source = "registry+https://github.com/rust-lang/crates.io-index"
checksum = "f4c8ed856279c9737206bf725bf36935d8666ead7aa69b52be55af369d193402"
dependencies = [
 "ppv-lite86",
 "rand_core",
]

[[package]]
name = "rand_core"
version = "0.5.1"
source = "registry+https://github.com/rust-lang/crates.io-index"
checksum = "90bde5296fc891b0cef12a6d03ddccc162ce7b2aff54160af9338f8d40df6d19"
dependencies = [
 "getrandom 0.1.15",
]

[[package]]
name = "rand_hc"
version = "0.2.0"
source = "registry+https://github.com/rust-lang/crates.io-index"
checksum = "ca3129af7b92a17112d59ad498c6f81eaf463253766b90396d39ea7a39d6613c"
dependencies = [
 "rand_core",
]

[[package]]
name = "redox_syscall"
version = "0.1.57"
source = "registry+https://github.com/rust-lang/crates.io-index"
checksum = "41cc0f7e4d5d4544e8861606a285bb08d3e70712ccc7d2b84d7c0ccfaf4b05ce"

[[package]]
name = "regex"
version = "1.4.1"
source = "registry+https://github.com/rust-lang/crates.io-index"
checksum = "8963b85b8ce3074fecffde43b4b0dded83ce2f367dc8d363afc56679f3ee820b"
dependencies = [
 "aho-corasick",
 "memchr",
 "regex-syntax",
 "thread_local",
]

[[package]]
name = "regex-syntax"
version = "0.6.20"
source = "registry+https://github.com/rust-lang/crates.io-index"
checksum = "8cab7a364d15cde1e505267766a2d3c4e22a843e1a601f0fa7564c0f82ced11c"

[[package]]
name = "remove_dir_all"
version = "0.5.3"
source = "registry+https://github.com/rust-lang/crates.io-index"
checksum = "3acd125665422973a33ac9d3dd2df85edad0f4ae9b00dafb1a05e43a9f5ef8e7"
dependencies = [
 "winapi",
]

[[package]]
name = "rustc-demangle"
version = "0.1.17"
source = "registry+https://github.com/rust-lang/crates.io-index"
checksum = "b2610b7f643d18c87dff3b489950269617e6601a51f1f05aa5daefee36f64f0b"

[[package]]
name = "ryu"
version = "1.0.5"
source = "registry+https://github.com/rust-lang/crates.io-index"
checksum = "71d301d4193d031abdd79ff7e3dd721168a9572ef3fe51a1517aba235bd8f86e"

[[package]]
name = "same-file"
version = "1.0.6"
source = "registry+https://github.com/rust-lang/crates.io-index"
checksum = "93fc1dc3aaa9bfed95e02e6eadabb4baf7e3078b0bd1b4d7b6b0b68378900502"
dependencies = [
 "winapi-util",
]

[[package]]
name = "serde"
version = "1.0.116"
source = "registry+https://github.com/rust-lang/crates.io-index"
checksum = "96fe57af81d28386a513cbc6858332abc6117cfdb5999647c6444b8f43a370a5"
dependencies = [
 "serde_derive",
]

[[package]]
name = "serde_derive"
version = "1.0.116"
source = "registry+https://github.com/rust-lang/crates.io-index"
checksum = "f630a6370fd8e457873b4bd2ffdae75408bc291ba72be773772a4c2a065d9ae8"
dependencies = [
 "proc-macro2",
 "quote",
 "syn",
]

[[package]]
name = "serde_json"
version = "1.0.59"
source = "registry+https://github.com/rust-lang/crates.io-index"
checksum = "dcac07dbffa1c65e7f816ab9eba78eb142c6d44410f4eeba1e26e4f5dfa56b95"
dependencies = [
 "itoa",
 "ryu",
 "serde",
]

[[package]]
name = "signal-hook"
version = "0.1.16"
source = "registry+https://github.com/rust-lang/crates.io-index"
checksum = "604508c1418b99dfe1925ca9224829bb2a8a9a04dda655cc01fcad46f4ab05ed"
dependencies = [
 "libc",
 "signal-hook-registry",
]

[[package]]
name = "signal-hook-registry"
version = "1.2.1"
source = "registry+https://github.com/rust-lang/crates.io-index"
checksum = "a3e12110bc539e657a646068aaf5eb5b63af9d0c1f7b29c97113fad80e15f035"
dependencies = [
 "arc-swap",
 "libc",
]

[[package]]
name = "static_assertions"
version = "1.1.0"
source = "registry+https://github.com/rust-lang/crates.io-index"
checksum = "a2eb9349b6444b326872e140eb1cf5e7c522154d69e7a0ffb0fb81c06b37543f"

[[package]]
name = "supercow"
version = "0.1.0"
source = "registry+https://github.com/rust-lang/crates.io-index"
checksum = "171758edb47aa306a78dfa4ab9aeb5167405bd4e3dc2b64e88f6a84bbe98bd63"

[[package]]
name = "swayipc"
version = "2.7.2"
source = "registry+https://github.com/rust-lang/crates.io-index"
checksum = "92c6565a48b46668f894564e855ea0adfef31f51f549af6fedd9cba8052b210f"
dependencies = [
 "failure",
 "serde",
 "serde_json",
]

[[package]]
name = "syn"
version = "1.0.44"
source = "registry+https://github.com/rust-lang/crates.io-index"
checksum = "e03e57e4fcbfe7749842d53e24ccb9aa12b7252dbe5e91d2acad31834c8b8fdd"
dependencies = [
 "proc-macro2",
 "quote",
 "unicode-xid",
]

[[package]]
name = "synstructure"
version = "0.12.4"
source = "registry+https://github.com/rust-lang/crates.io-index"
checksum = "b834f2d66f734cb897113e34aaff2f1ab4719ca946f9a7358dba8f8064148701"
dependencies = [
 "proc-macro2",
 "quote",
 "syn",
 "unicode-xid",
]

[[package]]
name = "tempfile"
version = "3.1.0"
source = "registry+https://github.com/rust-lang/crates.io-index"
checksum = "7a6e24d9338a0a5be79593e2fa15a648add6138caa803e2d5bc782c371732ca9"
dependencies = [
 "cfg-if 0.1.10",
 "libc",
 "rand",
 "redox_syscall",
 "remove_dir_all",
 "winapi",
]

[[package]]
name = "terminal_size"
version = "0.1.13"
source = "registry+https://github.com/rust-lang/crates.io-index"
checksum = "9a14cd9f8c72704232f0bfc8455c0e861f0ad4eb60cc9ec8a170e231414c1e13"
dependencies = [
 "libc",
 "winapi",
]

[[package]]
name = "textwrap"
version = "0.11.0"
source = "registry+https://github.com/rust-lang/crates.io-index"
checksum = "d326610f408c7a4eb6f51c37c330e496b08506c9457c9d34287ecc38809fb060"
dependencies = [
 "unicode-width",
]

[[package]]
name = "thread_local"
version = "1.0.1"
source = "registry+https://github.com/rust-lang/crates.io-index"
checksum = "d40c6d1b69745a6ec6fb1ca717914848da4b44ae29d9b3080cbee91d72a69b14"
dependencies = [
 "lazy_static",
]

[[package]]
name = "time"
version = "0.1.44"
source = "registry+https://github.com/rust-lang/crates.io-index"
checksum = "6db9e6914ab8b1ae1c260a4ae7a49b6c5611b40328a735b21862567685e73255"
dependencies = [
 "libc",
 "wasi 0.10.0+wasi-snapshot-preview1",
 "winapi",
]

[[package]]
name = "toml"
version = "0.5.7"
source = "registry+https://github.com/rust-lang/crates.io-index"
checksum = "75cf45bb0bef80604d001caaec0d09da99611b3c0fd39d3080468875cdb65645"
dependencies = [
 "serde",
]

[[package]]
name = "treeline"
version = "0.1.0"
source = "registry+https://github.com/rust-lang/crates.io-index"
checksum = "a7f741b240f1a48843f9b8e0444fb55fb2a4ff67293b50a9179dfd5ea67f8d41"

[[package]]
name = "unicode-width"
version = "0.1.8"
source = "registry+https://github.com/rust-lang/crates.io-index"
checksum = "9337591893a19b88d8d87f2cec1e73fad5cdfd10e5a6f349f498ad6ea2ffb1e3"

[[package]]
name = "unicode-xid"
version = "0.2.1"
source = "registry+https://github.com/rust-lang/crates.io-index"
checksum = "f7fe0bb3479651439c9112f72b6c505038574c9fbb575ed1bf3b797fa39dd564"

[[package]]
name = "version_check"
version = "0.9.2"
source = "registry+https://github.com/rust-lang/crates.io-index"
checksum = "b5a972e5669d67ba988ce3dc826706fb0a8b01471c088cb0b6110b805cc36aed"

[[package]]
name = "walkdir"
version = "2.3.1"
source = "registry+https://github.com/rust-lang/crates.io-index"
checksum = "777182bc735b6424e1a57516d35ed72cb8019d85c8c9bf536dccb3445c1a2f7d"
dependencies = [
 "same-file",
 "winapi",
 "winapi-util",
]

[[package]]
name = "wasi"
version = "0.9.0+wasi-snapshot-preview1"
source = "registry+https://github.com/rust-lang/crates.io-index"
checksum = "cccddf32554fecc6acb585f82a32a72e28b48f8c4c1883ddfeeeaa96f7d8e519"

[[package]]
name = "wasi"
version = "0.10.0+wasi-snapshot-preview1"
source = "registry+https://github.com/rust-lang/crates.io-index"
checksum = "1a143597ca7c7793eff794def352d41792a93c481eb1042423ff7ff72ba2c31f"

[[package]]
name = "winapi"
version = "0.3.9"
source = "registry+https://github.com/rust-lang/crates.io-index"
checksum = "5c839a674fcd7a98952e593242ea400abe93992746761e38641405d28b00f419"
dependencies = [
 "winapi-i686-pc-windows-gnu",
 "winapi-x86_64-pc-windows-gnu",
]

[[package]]
name = "winapi-i686-pc-windows-gnu"
version = "0.4.0"
source = "registry+https://github.com/rust-lang/crates.io-index"
checksum = "ac3b87c63620426dd9b991e5ce0329eff545bccbbb34f3be09ff6fb6ab51b7b6"

[[package]]
name = "winapi-util"
version = "0.1.5"
source = "registry+https://github.com/rust-lang/crates.io-index"
checksum = "70ec6ce85bb158151cae5e5c87f95a8e97d2c0c4b001223f33a334e3ce5de178"
dependencies = [
 "winapi",
]

[[package]]
name = "winapi-x86_64-pc-windows-gnu"
version = "0.4.0"
source = "registry+https://github.com/rust-lang/crates.io-index"
checksum = "712e227841d057c1ee1cd2fb22fa7e5a5461ae8e48fa2ca79ec42cfc1931183f"
